
Microsoft Visual Studio Solution File, Format Version 12.00
# Visual Studio 14
VisualStudioVersion = 14.0.25420.1
MinimumVisualStudioVersion = 10.0.40219.1
Project("{8BC9CEB8-8B4A-11D0-8D11-00A0C91BC942}") = "HelloGitHub", "HelloGitHub\HelloGitHub.vcxproj", "{95440441-F680-40C8-AE5A-F1863D57CD7F}"
EndProject
Project("{8BC9CEB8-8B4A-11D0-8D11-00A0C91BC942}") = "RandomEnemyGenerator", "RandomEnemyGenerator\RandomEnemyGenerator.vcxproj", "{314E5B8C-6F0B-47E6-A307-5CD94C9FCFF0}"
EndProject
Project("{8BC9CEB8-8B4A-11D0-8D11-00A0C91BC942}") = "TheWalkingDead", "TheWalkingDead\TheWalkingDead.vcxproj", "{3C8F489E-A922-44F3-94DD-EB3AF7BB5FE5}"
EndProject
Project("{8BC9CEB8-8B4A-11D0-8D11-00A0C91BC942}") = "DynArray", "DynArray\DynArray.vcxproj", "{6AAAFEFF-7457-47F4-9D03-286AF075F554}"
EndProject
Global
	GlobalSection(SolutionConfigurationPlatforms) = preSolution
		Debug|x64 = Debug|x64
		Debug|x86 = Debug|x86
		Release|x64 = Release|x64
		Release|x86 = Release|x86
	EndGlobalSection
	GlobalSection(ProjectConfigurationPlatforms) = postSolution
		{95440441-F680-40C8-AE5A-F1863D57CD7F}.Debug|x64.ActiveCfg = Debug|x64
		{95440441-F680-40C8-AE5A-F1863D57CD7F}.Debug|x64.Build.0 = Debug|x64
		{95440441-F680-40C8-AE5A-F1863D57CD7F}.Debug|x86.ActiveCfg = Debug|Win32
		{95440441-F680-40C8-AE5A-F1863D57CD7F}.Debug|x86.Build.0 = Debug|Win32
		{95440441-F680-40C8-AE5A-F1863D57CD7F}.Release|x64.ActiveCfg = Release|x64
		{95440441-F680-40C8-AE5A-F1863D57CD7F}.Release|x64.Build.0 = Release|x64
		{95440441-F680-40C8-AE5A-F1863D57CD7F}.Release|x86.ActiveCfg = Release|Win32
		{95440441-F680-40C8-AE5A-F1863D57CD7F}.Release|x86.Build.0 = Release|Win32
		{314E5B8C-6F0B-47E6-A307-5CD94C9FCFF0}.Debug|x64.ActiveCfg = Debug|x64
		{314E5B8C-6F0B-47E6-A307-5CD94C9FCFF0}.Debug|x64.Build.0 = Debug|x64
		{314E5B8C-6F0B-47E6-A307-5CD94C9FCFF0}.Debug|x86.ActiveCfg = Debug|Win32
		{314E5B8C-6F0B-47E6-A307-5CD94C9FCFF0}.Debug|x86.Build.0 = Debug|Win32
		{314E5B8C-6F0B-47E6-A307-5CD94C9FCFF0}.Release|x64.ActiveCfg = Release|x64
		{314E5B8C-6F0B-47E6-A307-5CD94C9FCFF0}.Release|x64.Build.0 = Release|x64
		{314E5B8C-6F0B-47E6-A307-5CD94C9FCFF0}.Release|x86.ActiveCfg = Release|Win32
		{314E5B8C-6F0B-47E6-A307-5CD94C9FCFF0}.Release|x86.Build.0 = Release|Win32
		{3C8F489E-A922-44F3-94DD-EB3AF7BB5FE5}.Debug|x64.ActiveCfg = Debug|x64
		{3C8F489E-A922-44F3-94DD-EB3AF7BB5FE5}.Debug|x64.Build.0 = Debug|x64
		{3C8F489E-A922-44F3-94DD-EB3AF7BB5FE5}.Debug|x86.ActiveCfg = Debug|Win32
		{3C8F489E-A922-44F3-94DD-EB3AF7BB5FE5}.Debug|x86.Build.0 = Debug|Win32
		{3C8F489E-A922-44F3-94DD-EB3AF7BB5FE5}.Release|x64.ActiveCfg = Release|x64
		{3C8F489E-A922-44F3-94DD-EB3AF7BB5FE5}.Release|x64.Build.0 = Release|x64
		{3C8F489E-A922-44F3-94DD-EB3AF7BB5FE5}.Release|x86.ActiveCfg = Release|Win32
		{3C8F489E-A922-44F3-94DD-EB3AF7BB5FE5}.Release|x86.Build.0 = Release|Win32
		{6AAAFEFF-7457-47F4-9D03-286AF075F554}.Debug|x64.ActiveCfg = Debug|x64
		{6AAAFEFF-7457-47F4-9D03-286AF075F554}.Debug|x64.Build.0 = Debug|x64
		{6AAAFEFF-7457-47F4-9D03-286AF075F554}.Debug|x86.ActiveCfg = Debug|Win32
		{6AAAFEFF-7457-47F4-9D03-286AF075F554}.Debug|x86.Build.0 = Debug|Win32
		{6AAAFEFF-7457-47F4-9D03-286AF075F554}.Release|x64.ActiveCfg = Release|x64
		{6AAAFEFF-7457-47F4-9D03-286AF075F554}.Release|x64.Build.0 = Release|x64
		{6AAAFEFF-7457-47F4-9D03-286AF075F554}.Release|x86.ActiveCfg = Release|Win32
		{6AAAFEFF-7457-47F4-9D03-286AF075F554}.Release|x86.Build.0 = Release|Win32
	EndGlobalSection
	GlobalSection(SolutionProperties) = preSolution
		HideSolutionNode = FALSE
	EndGlobalSection
EndGlobal
